
Microsoft Visual Studio Solution File, Format Version 11.00
# Visual Studio 2010
Project("{FAE04EC0-301F-11D3-BF4B-00C04F79EFBC}") = "TKB", "TKB\TKB.csproj", "{1752E7BE-C502-48FC-98F4-D3AD370AC710}"
EndProject
Global
	GlobalSection(SolutionConfigurationPlatforms) = preSolution
		Debug|x86 = Debug|x86
		Release|x86 = Release|x86
	EndGlobalSection
	GlobalSection(ProjectConfigurationPlatforms) = postSolution
		{1752E7BE-C502-48FC-98F4-D3AD370AC710}.Debug|x86.ActiveCfg = Debug|x86
		{1752E7BE-C502-48FC-98F4-D3AD370AC710}.Debug|x86.Build.0 = Debug|x86
		{1752E7BE-C502-48FC-98F4-D3AD370AC710}.Release|x86.ActiveCfg = Release|x86
		{1752E7BE-C502-48FC-98F4-D3AD370AC710}.Release|x86.Build.0 = Release|x86
	EndGlobalSection
	GlobalSection(SolutionProperties) = preSolution
		HideSolutionNode = FALSE
	EndGlobalSection
EndGlobal
